
Microsoft Visual Studio Solution File, Format Version 12.00
# Visual Studio Version 16
VisualStudioVersion = 16.0.31105.61
MinimumVisualStudioVersion = 10.0.40219.1
Project("{2150E333-8FDC-42A3-9474-1A3956D46DE8}") = "src", "src", "{F488F8E8-558D-4B1E-9688-1F762DD7578E}"
EndProject
Project("{2150E333-8FDC-42A3-9474-1A3956D46DE8}") = "Advertisements", "Advertisements", "{8EB6A5C2-4A01-4038-ADAA-33044EDAAFAC}"
EndProject
Project("{2150E333-8FDC-42A3-9474-1A3956D46DE8}") = "Comments", "Comments", "{42001798-3515-4507-9D68-56F839BEE5ED}"
EndProject
Project("{2150E333-8FDC-42A3-9474-1A3956D46DE8}") = "DomainUsers", "DomainUsers", "{244D0F49-CF07-456F-A7EE-2408CA190C14}"
EndProject
Project("{2150E333-8FDC-42A3-9474-1A3956D46DE8}") = "Identity", "Identity", "{A0DD32BD-06A3-4AE8-BD90-4C072C6C1A88}"
EndProject
Project("{2150E333-8FDC-42A3-9474-1A3956D46DE8}") = "Images", "Images", "{385F8299-55D8-4C59-B150-A5126CC586AD}"
EndProject
Project("{2150E333-8FDC-42A3-9474-1A3956D46DE8}") = "Userpics", "Userpics", "{97B26E48-EE18-4824-A92A-87FC20313FCA}"
EndProject
Project("{2150E333-8FDC-42A3-9474-1A3956D46DE8}") = "Application", "Application", "{143CCC33-59FD-4B93-BDD7-04585C9174B7}"
EndProject
Project("{2150E333-8FDC-42A3-9474-1A3956D46DE8}") = "Contracts", "Contracts", "{53DED568-EBE6-4C2E-80CC-F91DFC660D0E}"
EndProject
Project("{2150E333-8FDC-42A3-9474-1A3956D46DE8}") = "Domain", "Domain", "{0E0F4719-79D3-4BF9-8B22-255DA3DC8B6D}"
EndProject
Project("{2150E333-8FDC-42A3-9474-1A3956D46DE8}") = "Hosts", "Hosts", "{5462F77A-673C-4CA9-94BF-CF1B6208E117}"
EndProject
Project("{2150E333-8FDC-42A3-9474-1A3956D46DE8}") = "Infrastructure", "Infrastructure", "{75822D88-44D2-49FB-9AC8-4BDD4E3586A6}"
EndProject
Project("{9A19103F-16F7-4668-BE54-9A1E7A4F7556}") = "Advertisements.Application", "src\Advertisements\Application\Advertisements.Application\Advertisements.Application.csproj", "{085FBBFC-825E-418E-9E8A-03051BA9B83A}"
EndProject
Project("{9A19103F-16F7-4668-BE54-9A1E7A4F7556}") = "Advertisements.Contracts", "src\Advertisements\Contracts\Advertisements.Contracts\Advertisements.Contracts.csproj", "{02C71683-EC06-440A-9EA0-25D2B09C76E7}"
EndProject
Project("{9A19103F-16F7-4668-BE54-9A1E7A4F7556}") = "Advertisements.Domain", "src\Advertisements\Domain\Advertisements.Domain\Advertisements.Domain.csproj", "{A1947884-9009-4958-95F9-336917E81C20}"
EndProject
Project("{9A19103F-16F7-4668-BE54-9A1E7A4F7556}") = "Advertisements.Api", "src\Advertisements\Hosts\Advertisements.Api\Advertisements.Api.csproj", "{49A07473-AE39-49A6-AD14-F024AAA66D5C}"
EndProject
Project("{9A19103F-16F7-4668-BE54-9A1E7A4F7556}") = "Advertisements.DataAccess", "src\Advertisements\Infrastructure\Advertisements.DataAccess\Advertisements.DataAccess.csproj", "{ECA0F775-22F9-47A7-9D1B-D2C7EFCB2053}"
EndProject
Project("{9A19103F-16F7-4668-BE54-9A1E7A4F7556}") = "Advertisements.MapsterMapper", "src\Advertisements\Infrastructure\Advertisements.Mapper\Advertisements.MapsterMapper.csproj", "{C29B2725-3070-4669-8D0B-6E4DCBFEDDA8}"
EndProject
Project("{2150E333-8FDC-42A3-9474-1A3956D46DE8}") = "Application", "Application", "{ECE6E442-0FD9-42AB-B0AD-F0084B3E3475}"
EndProject
Project("{2150E333-8FDC-42A3-9474-1A3956D46DE8}") = "Domain", "Domain", "{657DA465-87B8-42D3-893F-BA8EC3249DC6}"
EndProject
Project("{2150E333-8FDC-42A3-9474-1A3956D46DE8}") = "Hosts", "Hosts", "{9DEFF6A3-7145-4B8F-9CBA-E8CC9514A364}"
EndProject
Project("{2150E333-8FDC-42A3-9474-1A3956D46DE8}") = "Infrastructure", "Infrastructure", "{B2047E6C-868F-495F-AC15-C8005FB36EF1}"
EndProject
Project("{2150E333-8FDC-42A3-9474-1A3956D46DE8}") = "Application", "Application", "{C13B3C0B-BB05-4588-9A11-00081CB6F769}"
EndProject
Project("{2150E333-8FDC-42A3-9474-1A3956D46DE8}") = "Contracts", "Contracts", "{4AFABC03-585B-4BF7-A247-D82387E801C2}"
EndProject
Project("{2150E333-8FDC-42A3-9474-1A3956D46DE8}") = "Domain", "Domain", "{2A7C984A-9EE2-45BD-AD6E-ED40589D52AF}"
EndProject
Project("{2150E333-8FDC-42A3-9474-1A3956D46DE8}") = "Hosts", "Hosts", "{401BB778-7166-4F85-8775-634DA0D81C7B}"
EndProject
Project("{2150E333-8FDC-42A3-9474-1A3956D46DE8}") = "Infrastructure", "Infrastructure", "{80E630CF-6BF5-471A-81A6-9B12892CF128}"
EndProject
Project("{2150E333-8FDC-42A3-9474-1A3956D46DE8}") = "Application", "Application", "{5F484C21-5F4D-4235-A5D6-7D842ADADAA9}"
EndProject
Project("{2150E333-8FDC-42A3-9474-1A3956D46DE8}") = "Contracts", "Contracts", "{4F9E62FB-B8C2-4454-AB27-5D412E86F793}"
EndProject
Project("{2150E333-8FDC-42A3-9474-1A3956D46DE8}") = "Domain", "Domain", "{16E2438D-65B2-4354-AB95-F2832403A234}"
EndProject
Project("{2150E333-8FDC-42A3-9474-1A3956D46DE8}") = "Hosts", "Hosts", "{D22186F0-1BDD-4460-BF98-BCCDEFA13177}"
EndProject
Project("{2150E333-8FDC-42A3-9474-1A3956D46DE8}") = "Infrastructure", "Infrastructure", "{BE4EAC5C-BB8F-407D-8907-D66E9FF2A736}"
EndProject
Project("{2150E333-8FDC-42A3-9474-1A3956D46DE8}") = "Application", "Application", "{85144E10-CC0D-4DDB-BA7A-C72AEDE601CE}"
EndProject
Project("{2150E333-8FDC-42A3-9474-1A3956D46DE8}") = "Contracts", "Contracts", "{2F9C4D3F-10FD-482E-A9DC-195298E96B7F}"
EndProject
Project("{2150E333-8FDC-42A3-9474-1A3956D46DE8}") = "Domain", "Domain", "{5D4391A9-5EF9-4BED-8502-BF380656DF9C}"
EndProject
Project("{2150E333-8FDC-42A3-9474-1A3956D46DE8}") = "Hosts", "Hosts", "{ED04A0BC-8577-4CF9-AEA7-3523E58F5A23}"
EndProject
Project("{2150E333-8FDC-42A3-9474-1A3956D46DE8}") = "Infrastructure", "Infrastructure", "{F9C1B9E3-B201-4987-9B76-D50958AA4C64}"
EndProject
Project("{2150E333-8FDC-42A3-9474-1A3956D46DE8}") = "Application", "Application", "{C3785A7B-7A17-4BD9-8AD8-3F003874BAAA}"
EndProject
Project("{2150E333-8FDC-42A3-9474-1A3956D46DE8}") = "Contracts", "Contracts", "{D95D45C3-19AE-4F1A-A1DE-CA96D8114A2C}"
EndProject
Project("{2150E333-8FDC-42A3-9474-1A3956D46DE8}") = "Domain", "Domain", "{0C3FEAF3-97E4-454D-AD98-A424019840A9}"
EndProject
Project("{2150E333-8FDC-42A3-9474-1A3956D46DE8}") = "Hosts", "Hosts", "{E66964D1-4F7D-42CB-BD36-CB35FAFCCBB6}"
EndProject
Project("{2150E333-8FDC-42A3-9474-1A3956D46DE8}") = "Infrastructure", "Infrastructure", "{9C128904-8C2C-41D1-86F6-A39DBB9058F7}"
EndProject
Project("{9A19103F-16F7-4668-BE54-9A1E7A4F7556}") = "DomainUsers.Application", "src\DomainUsers\Application\DomainUsers.Application\DomainUsers.Application.csproj", "{89821A1E-FE96-4F49-8D25-E4579631573C}"
EndProject
Project("{9A19103F-16F7-4668-BE54-9A1E7A4F7556}") = "DomainUsers.Contracts", "src\DomainUsers\Contracts\DomainUsers.Contracts\DomainUsers.Contracts.csproj", "{1559C780-02FD-431D-BD14-40E992E821DA}"
EndProject
Project("{9A19103F-16F7-4668-BE54-9A1E7A4F7556}") = "DomainUsers.Domain", "src\DomainUsers\Domain\DomainUsers.Domain\DomainUsers.Domain.csproj", "{7DFFDC76-5A0A-43E0-952C-415A46E1BF2B}"
EndProject
Project("{9A19103F-16F7-4668-BE54-9A1E7A4F7556}") = "DomainUsers.Api", "src\DomainUsers\Hosts\DomainUsers.Api\DomainUsers.Api.csproj", "{E240AD4B-72CD-4487-AEAA-AB51E493A4F0}"
EndProject
Project("{9A19103F-16F7-4668-BE54-9A1E7A4F7556}") = "DomainUsers.DataAccess", "src\DomainUsers\Infrastructure\DomainUsers.DataAccess\DomainUsers.DataAccess.csproj", "{2FD035DF-194C-4ABA-A8F2-E97B1C052A4E}"
EndProject
Project("{9A19103F-16F7-4668-BE54-9A1E7A4F7556}") = "DomainUsers.Mapper", "src\DomainUsers\Infrastructure\DomainUsers.Mapper\DomainUsers.Mapper.csproj", "{7E37DC09-1B76-481D-B92C-80ACE1D63585}"
EndProject
Project("{9A19103F-16F7-4668-BE54-9A1E7A4F7556}") = "DomainUsers.Repository", "src\DomainUsers\Infrastructure\DomainUsers.Repository\DomainUsers.Repository.csproj", "{B538B777-3CFE-413F-A806-71CC4F40C37F}"
EndProject
Project("{9A19103F-16F7-4668-BE54-9A1E7A4F7556}") = "Identity.Application", "src\Identity\Application\Identity.Application\Identity.Application.csproj", "{B5A731D3-B4F8-4372-B263-775669F28EEA}"
EndProject
Project("{9A19103F-16F7-4668-BE54-9A1E7A4F7556}") = "Identity.Contracts", "src\Identity\Contracts\Identity.Contracts\Identity.Contracts.csproj", "{3BEB292B-B018-4277-BA4D-C9C0A0F66005}"
EndProject
Project("{9A19103F-16F7-4668-BE54-9A1E7A4F7556}") = "Identity.Domain", "src\Identity\Domain\Identity.Domain\Identity.Domain.csproj", "{2B71A256-E079-410E-AB98-626535A5C2F4}"
EndProject
Project("{9A19103F-16F7-4668-BE54-9A1E7A4F7556}") = "Identity.Api", "src\Identity\Hosts\Identity.Api\Identity.Api.csproj", "{3468FC07-46E4-458B-A3B1-5EFBBEA85A56}"
EndProject
Project("{9A19103F-16F7-4668-BE54-9A1E7A4F7556}") = "Identity.DataAccess", "src\Identity\Infrastructure\Identity.DataAccess\Identity.DataAccess.csproj", "{0C57D2B4-E17E-434F-A82F-6AD7ACB862EE}"
EndProject
Project("{9A19103F-16F7-4668-BE54-9A1E7A4F7556}") = "Identity.Mapper", "src\Identity\Infrastructure\Identity.Mapper\Identity.Mapper.csproj", "{E77FAB80-4C65-4078-81F2-2923EB84A89B}"
EndProject
Project("{9A19103F-16F7-4668-BE54-9A1E7A4F7556}") = "Identity.Repository", "src\Identity\Infrastructure\Identity.Repository\Identity.Repository.csproj", "{F5179490-4CBC-4C76-84F9-84D1D2432188}"
EndProject
Project("{9A19103F-16F7-4668-BE54-9A1E7A4F7556}") = "Images.Application", "src\Images\Application\Images.Application\Images.Application.csproj", "{8A22B312-9E7A-477F-B7C0-11A3DE37B793}"
EndProject
Project("{9A19103F-16F7-4668-BE54-9A1E7A4F7556}") = "Images.Contracts", "src\Images\Contracts\Images.Contracts\Images.Contracts.csproj", "{61C289C9-28AA-45AC-AE0C-EF037C121123}"
EndProject
Project("{9A19103F-16F7-4668-BE54-9A1E7A4F7556}") = "Images.Domain", "src\Images\Domain\Images.Domain\Images.Domain.csproj", "{A8C17D49-74C7-44E8-8B5E-2E4056460BD1}"
EndProject
Project("{9A19103F-16F7-4668-BE54-9A1E7A4F7556}") = "Images.Api", "src\Images\Hosts\Images.Api\Images.Api.csproj", "{27ECE319-1D4F-4B6F-A853-9E546703B63C}"
EndProject
Project("{9A19103F-16F7-4668-BE54-9A1E7A4F7556}") = "Images.DataAccess", "src\Images\Infrastructure\Images.DataAccess\Images.DataAccess.csproj", "{BBEADA26-2F2C-46BD-B3AB-DF4FFDF572EC}"
EndProject
Project("{9A19103F-16F7-4668-BE54-9A1E7A4F7556}") = "Images.Mapper", "src\Images\Infrastructure\Images.Mapper\Images.Mapper.csproj", "{4F3E821E-696B-4D81-9F19-34F0012E4B06}"
EndProject
Project("{9A19103F-16F7-4668-BE54-9A1E7A4F7556}") = "Images.Repository", "src\Images\Infrastructure\Images.Repository\Images.Repository.csproj", "{4CC7F11F-0524-4036-A2B6-5D1A9D23DEB6}"
EndProject
Project("{9A19103F-16F7-4668-BE54-9A1E7A4F7556}") = "Userpics.Application", "src\Userpics\Application\Userpics.Application\Userpics.Application.csproj", "{4AB666CF-492F-4F1A-B1F3-16E500D1E02C}"
EndProject
Project("{9A19103F-16F7-4668-BE54-9A1E7A4F7556}") = "Userpics.Contracts", "src\Userpics\Contracts\Userpics.Contracts\Userpics.Contracts.csproj", "{98397F69-8061-4B98-8C67-DF7FFDFF6BFD}"
EndProject
Project("{9A19103F-16F7-4668-BE54-9A1E7A4F7556}") = "Userpics.Domain", "src\Userpics\Domain\Userpics.Domain\Userpics.Domain.csproj", "{80943F13-6AAD-4E09-A51E-F4D1AB183308}"
EndProject
Project("{9A19103F-16F7-4668-BE54-9A1E7A4F7556}") = "Userpics.Api", "src\Userpics\Hosts\Userpics.Api\Userpics.Api.csproj", "{0871327B-9DFF-4213-813E-317EF643D4C7}"
EndProject
Project("{9A19103F-16F7-4668-BE54-9A1E7A4F7556}") = "Userpics.DataAccess", "src\Userpics\Infrastructure\Userpics.DataAccess\Userpics.DataAccess.csproj", "{869FE443-A1E4-4952-A94E-10BA122D3404}"
EndProject
Project("{9A19103F-16F7-4668-BE54-9A1E7A4F7556}") = "Userpics.Mapper", "src\Userpics\Infrastructure\Userpics.Mapper\Userpics.Mapper.csproj", "{BBB3F726-6D44-46EF-A0AD-39DABEAC650E}"
EndProject
Project("{9A19103F-16F7-4668-BE54-9A1E7A4F7556}") = "Userpics.Repository", "src\Userpics\Infrastructure\Userpics.Repository\Userpics.Repository.csproj", "{A38AA3AC-BC25-4C03-8C50-F5189A525675}"
EndProject
Project("{2150E333-8FDC-42A3-9474-1A3956D46DE8}") = "Tests", "Tests", "{9C774C8C-3E7A-449E-8CBE-B692935FFA0F}"
EndProject
Project("{9A19103F-16F7-4668-BE54-9A1E7A4F7556}") = "Advertisements.Tests", "src\Advertisements\Tests\Advertisements.Tests.csproj", "{D89C952C-C20F-4C96-9527-EA436B7A1C62}"
EndProject
Project("{9A19103F-16F7-4668-BE54-9A1E7A4F7556}") = "Comments.Services", "src\Comments\Application\CommentService\Comments.Services.csproj", "{A621138B-BF4E-4DD4-BE00-0E720675A0C7}"
EndProject
Project("{9A19103F-16F7-4668-BE54-9A1E7A4F7556}") = "Comments.Domain", "src\Comments\Domain\Comments.Domain.csproj", "{637CB98A-6B9E-48C7-AD01-A801A733CEFD}"
EndProject
Project("{9A19103F-16F7-4668-BE54-9A1E7A4F7556}") = "Comments.API", "src\Comments\Hosts\CommentAPI\Comments.API.csproj", "{181B10A9-E3E4-4847-B1ED-9FC8AF8E5BD9}"
EndProject
Project("{9A19103F-16F7-4668-BE54-9A1E7A4F7556}") = "Comments.Migrations", "src\Comments\Infrastructure\CommentMigrations\Comments.Migrations.csproj", "{1F19C173-2B91-4AAC-9F97-36DF59BE222B}"
EndProject
Project("{9A19103F-16F7-4668-BE54-9A1E7A4F7556}") = "Comments.Mapper", "src\Comments\Infrastructure\Mapper\Comments.Mapper.csproj", "{593AB8D3-17A8-41DA-8936-354E476D2EF0}"
EndProject
Project("{9A19103F-16F7-4668-BE54-9A1E7A4F7556}") = "Comments.Repository", "src\Comments\Infrastructure\Repository\Comments.Repository.csproj", "{1DA3E9CC-202D-4669-9907-2C1CD4F56433}"
EndProject
Project("{9A19103F-16F7-4668-BE54-9A1E7A4F7556}") = "Comments.Contracts", "src\Comments\Contracts\Comments.Contracts.csproj", "{EE7D6ED3-32C8-4D44-9B9A-5AC9D7AA7E95}"
EndProject
Project("{2150E333-8FDC-42A3-9474-1A3956D46DE8}") = "Tests", "Tests", "{FBA56963-B41F-46EF-A6B5-071EECBB3502}"
EndProject
Project("{9A19103F-16F7-4668-BE54-9A1E7A4F7556}") = "Comments.Tests", "src\Comments\Tests\Comments.Tests\Comments.Tests.csproj", "{E6676CD8-5AB7-4BCA-952E-9935A53116EC}"
EndProject
Project("{2150E333-8FDC-42A3-9474-1A3956D46DE8}") = "NotificationsEmail", "NotificationsEmail", "{807BCC20-BF6B-4540-81A2-B25340AB9898}"
EndProject
Project("{2150E333-8FDC-42A3-9474-1A3956D46DE8}") = "Application", "Application", "{DF796AFE-054C-4BDD-A959-6AF7D4128EEE}"
EndProject
Project("{2150E333-8FDC-42A3-9474-1A3956D46DE8}") = "Contracts", "Contracts", "{408F360B-19D2-4122-953B-5DC0F5C78043}"
EndProject
Project("{2150E333-8FDC-42A3-9474-1A3956D46DE8}") = "Domain", "Domain", "{7D00C86E-261B-4B2C-9202-45B97CBA2BEA}"
EndProject
Project("{2150E333-8FDC-42A3-9474-1A3956D46DE8}") = "Hosts", "Hosts", "{BE9702FC-8D22-4DFC-A69B-EC3BC198CD87}"
EndProject
Project("{2150E333-8FDC-42A3-9474-1A3956D46DE8}") = "Infrastructure", "Infrastructure", "{54E88978-9599-4959-894B-7CC82867AD31}"
EndProject
Project("{2150E333-8FDC-42A3-9474-1A3956D46DE8}") = "Tests", "Tests", "{46180EE6-9E93-48DE-9008-2E6C6FC61D3E}"
EndProject
Project("{9A19103F-16F7-4668-BE54-9A1E7A4F7556}") = "NotificationsEmail.Services", "src\NotificationsEmail\Application\NotificationsEmail.Services\NotificationsEmail.Services.csproj", "{2C610DEE-2D8A-4321-8FD1-38690D86A608}"
EndProject
Project("{9A19103F-16F7-4668-BE54-9A1E7A4F7556}") = "NotificationsEmail.Contracts", "src\NotificationsEmail\Contracts\NotificationsEmail.Contracts\NotificationsEmail.Contracts.csproj", "{EB060155-49EC-4E25-A3A8-C486F1B8D8DD}"
EndProject
Project("{9A19103F-16F7-4668-BE54-9A1E7A4F7556}") = "NotificationsEmail.Domain", "src\NotificationsEmail\Domain\NotificationsEmail.Domain\NotificationsEmail.Domain.csproj", "{D3245F0A-9526-498E-AC90-03203E91381E}"
EndProject
Project("{9A19103F-16F7-4668-BE54-9A1E7A4F7556}") = "NotificationsEmail.API", "src\NotificationsEmail\Hosts\NotificationsEmail.API\NotificationsEmail.API.csproj", "{EA9187B8-2D63-422D-A626-9410232A0B06}"
EndProject
Project("{9A19103F-16F7-4668-BE54-9A1E7A4F7556}") = "NotificationsEmail.Mapper", "src\NotificationsEmail\Infrastructure\NotificationsEmail.Mapper\NotificationsEmail.Mapper.csproj", "{8B3BA690-BEFF-44E9-9432-651CE26C6CA3}"
EndProject
Project("{9A19103F-16F7-4668-BE54-9A1E7A4F7556}") = "NotificationsEmail.Migrations", "src\NotificationsEmail\Infrastructure\NotificationsEmail.Migrations\NotificationsEmail.Migrations.csproj", "{C505DFBB-6AF1-4047-9B0C-EE7A1CB823DC}"
EndProject
Project("{9A19103F-16F7-4668-BE54-9A1E7A4F7556}") = "NotificationsEmail.Repository", "src\NotificationsEmail\Infrastructure\NotificationsEmail.Repository\NotificationsEmail.Repository.csproj", "{1FA6F1F5-7FD0-45D3-972A-725DA7B2EC3D}"
EndProject
Project("{9A19103F-16F7-4668-BE54-9A1E7A4F7556}") = "NotificationsEmail.Notification", "src\NotificationsEmail\Infrastructure\NotificationsEmail.SmtpNotifier\NotificationsEmail.Notification.csproj", "{E7527BA5-2D79-45E9-B6EF-E4A480335F5C}"
EndProject
Project("{9A19103F-16F7-4668-BE54-9A1E7A4F7556}") = "NotificationsEmail.Tests", "src\NotificationsEmail\Tests\NotificationsEmail.Tests\NotificationsEmail.Tests.csproj", "{B66C279F-8C77-403E-A77D-A0EC482AD791}"
EndProject
Project("{9A19103F-16F7-4668-BE54-9A1E7A4F7556}") = "NotificationsEmail.ScheduledSender", "src\NotificationsEmail\Application\NotificationsEmail.ScheduledSender\NotificationsEmail.ScheduledSender.csproj", "{04B14461-0164-48A1-BA95-A2CBD1635D30}"
EndProject
Global
	GlobalSection(SolutionConfigurationPlatforms) = preSolution
		Debug|Any CPU = Debug|Any CPU
		Release|Any CPU = Release|Any CPU
	EndGlobalSection
	GlobalSection(ProjectConfigurationPlatforms) = postSolution
		{085FBBFC-825E-418E-9E8A-03051BA9B83A}.Debug|Any CPU.ActiveCfg = Debug|Any CPU
		{085FBBFC-825E-418E-9E8A-03051BA9B83A}.Debug|Any CPU.Build.0 = Debug|Any CPU
		{085FBBFC-825E-418E-9E8A-03051BA9B83A}.Release|Any CPU.ActiveCfg = Release|Any CPU
		{085FBBFC-825E-418E-9E8A-03051BA9B83A}.Release|Any CPU.Build.0 = Release|Any CPU
		{02C71683-EC06-440A-9EA0-25D2B09C76E7}.Debug|Any CPU.ActiveCfg = Debug|Any CPU
		{02C71683-EC06-440A-9EA0-25D2B09C76E7}.Debug|Any CPU.Build.0 = Debug|Any CPU
		{02C71683-EC06-440A-9EA0-25D2B09C76E7}.Release|Any CPU.ActiveCfg = Release|Any CPU
		{02C71683-EC06-440A-9EA0-25D2B09C76E7}.Release|Any CPU.Build.0 = Release|Any CPU
		{A1947884-9009-4958-95F9-336917E81C20}.Debug|Any CPU.ActiveCfg = Debug|Any CPU
		{A1947884-9009-4958-95F9-336917E81C20}.Debug|Any CPU.Build.0 = Debug|Any CPU
		{A1947884-9009-4958-95F9-336917E81C20}.Release|Any CPU.ActiveCfg = Release|Any CPU
		{A1947884-9009-4958-95F9-336917E81C20}.Release|Any CPU.Build.0 = Release|Any CPU
		{49A07473-AE39-49A6-AD14-F024AAA66D5C}.Debug|Any CPU.ActiveCfg = Debug|Any CPU
		{49A07473-AE39-49A6-AD14-F024AAA66D5C}.Debug|Any CPU.Build.0 = Debug|Any CPU
		{49A07473-AE39-49A6-AD14-F024AAA66D5C}.Release|Any CPU.ActiveCfg = Release|Any CPU
		{49A07473-AE39-49A6-AD14-F024AAA66D5C}.Release|Any CPU.Build.0 = Release|Any CPU
		{ECA0F775-22F9-47A7-9D1B-D2C7EFCB2053}.Debug|Any CPU.ActiveCfg = Debug|Any CPU
		{ECA0F775-22F9-47A7-9D1B-D2C7EFCB2053}.Debug|Any CPU.Build.0 = Debug|Any CPU
		{ECA0F775-22F9-47A7-9D1B-D2C7EFCB2053}.Release|Any CPU.ActiveCfg = Release|Any CPU
		{ECA0F775-22F9-47A7-9D1B-D2C7EFCB2053}.Release|Any CPU.Build.0 = Release|Any CPU
		{C29B2725-3070-4669-8D0B-6E4DCBFEDDA8}.Debug|Any CPU.ActiveCfg = Debug|Any CPU
		{C29B2725-3070-4669-8D0B-6E4DCBFEDDA8}.Debug|Any CPU.Build.0 = Debug|Any CPU
		{C29B2725-3070-4669-8D0B-6E4DCBFEDDA8}.Release|Any CPU.ActiveCfg = Release|Any CPU
		{C29B2725-3070-4669-8D0B-6E4DCBFEDDA8}.Release|Any CPU.Build.0 = Release|Any CPU
		{89821A1E-FE96-4F49-8D25-E4579631573C}.Debug|Any CPU.ActiveCfg = Debug|Any CPU
		{89821A1E-FE96-4F49-8D25-E4579631573C}.Debug|Any CPU.Build.0 = Debug|Any CPU
		{89821A1E-FE96-4F49-8D25-E4579631573C}.Release|Any CPU.ActiveCfg = Release|Any CPU
		{89821A1E-FE96-4F49-8D25-E4579631573C}.Release|Any CPU.Build.0 = Release|Any CPU
		{1559C780-02FD-431D-BD14-40E992E821DA}.Debug|Any CPU.ActiveCfg = Debug|Any CPU
		{1559C780-02FD-431D-BD14-40E992E821DA}.Debug|Any CPU.Build.0 = Debug|Any CPU
		{1559C780-02FD-431D-BD14-40E992E821DA}.Release|Any CPU.ActiveCfg = Release|Any CPU
		{1559C780-02FD-431D-BD14-40E992E821DA}.Release|Any CPU.Build.0 = Release|Any CPU
		{7DFFDC76-5A0A-43E0-952C-415A46E1BF2B}.Debug|Any CPU.ActiveCfg = Debug|Any CPU
		{7DFFDC76-5A0A-43E0-952C-415A46E1BF2B}.Debug|Any CPU.Build.0 = Debug|Any CPU
		{7DFFDC76-5A0A-43E0-952C-415A46E1BF2B}.Release|Any CPU.ActiveCfg = Release|Any CPU
		{7DFFDC76-5A0A-43E0-952C-415A46E1BF2B}.Release|Any CPU.Build.0 = Release|Any CPU
		{E240AD4B-72CD-4487-AEAA-AB51E493A4F0}.Debug|Any CPU.ActiveCfg = Debug|Any CPU
		{E240AD4B-72CD-4487-AEAA-AB51E493A4F0}.Debug|Any CPU.Build.0 = Debug|Any CPU
		{E240AD4B-72CD-4487-AEAA-AB51E493A4F0}.Release|Any CPU.ActiveCfg = Release|Any CPU
		{E240AD4B-72CD-4487-AEAA-AB51E493A4F0}.Release|Any CPU.Build.0 = Release|Any CPU
		{2FD035DF-194C-4ABA-A8F2-E97B1C052A4E}.Debug|Any CPU.ActiveCfg = Debug|Any CPU
		{2FD035DF-194C-4ABA-A8F2-E97B1C052A4E}.Debug|Any CPU.Build.0 = Debug|Any CPU
		{2FD035DF-194C-4ABA-A8F2-E97B1C052A4E}.Release|Any CPU.ActiveCfg = Release|Any CPU
		{2FD035DF-194C-4ABA-A8F2-E97B1C052A4E}.Release|Any CPU.Build.0 = Release|Any CPU
		{7E37DC09-1B76-481D-B92C-80ACE1D63585}.Debug|Any CPU.ActiveCfg = Debug|Any CPU
		{7E37DC09-1B76-481D-B92C-80ACE1D63585}.Debug|Any CPU.Build.0 = Debug|Any CPU
		{7E37DC09-1B76-481D-B92C-80ACE1D63585}.Release|Any CPU.ActiveCfg = Release|Any CPU
		{7E37DC09-1B76-481D-B92C-80ACE1D63585}.Release|Any CPU.Build.0 = Release|Any CPU
		{B538B777-3CFE-413F-A806-71CC4F40C37F}.Debug|Any CPU.ActiveCfg = Debug|Any CPU
		{B538B777-3CFE-413F-A806-71CC4F40C37F}.Debug|Any CPU.Build.0 = Debug|Any CPU
		{B538B777-3CFE-413F-A806-71CC4F40C37F}.Release|Any CPU.ActiveCfg = Release|Any CPU
		{B538B777-3CFE-413F-A806-71CC4F40C37F}.Release|Any CPU.Build.0 = Release|Any CPU
		{B5A731D3-B4F8-4372-B263-775669F28EEA}.Debug|Any CPU.ActiveCfg = Debug|Any CPU
		{B5A731D3-B4F8-4372-B263-775669F28EEA}.Debug|Any CPU.Build.0 = Debug|Any CPU
		{B5A731D3-B4F8-4372-B263-775669F28EEA}.Release|Any CPU.ActiveCfg = Release|Any CPU
		{B5A731D3-B4F8-4372-B263-775669F28EEA}.Release|Any CPU.Build.0 = Release|Any CPU
		{3BEB292B-B018-4277-BA4D-C9C0A0F66005}.Debug|Any CPU.ActiveCfg = Debug|Any CPU
		{3BEB292B-B018-4277-BA4D-C9C0A0F66005}.Debug|Any CPU.Build.0 = Debug|Any CPU
		{3BEB292B-B018-4277-BA4D-C9C0A0F66005}.Release|Any CPU.ActiveCfg = Release|Any CPU
		{3BEB292B-B018-4277-BA4D-C9C0A0F66005}.Release|Any CPU.Build.0 = Release|Any CPU
		{2B71A256-E079-410E-AB98-626535A5C2F4}.Debug|Any CPU.ActiveCfg = Debug|Any CPU
		{2B71A256-E079-410E-AB98-626535A5C2F4}.Debug|Any CPU.Build.0 = Debug|Any CPU
		{2B71A256-E079-410E-AB98-626535A5C2F4}.Release|Any CPU.ActiveCfg = Release|Any CPU
		{2B71A256-E079-410E-AB98-626535A5C2F4}.Release|Any CPU.Build.0 = Release|Any CPU
		{3468FC07-46E4-458B-A3B1-5EFBBEA85A56}.Debug|Any CPU.ActiveCfg = Debug|Any CPU
		{3468FC07-46E4-458B-A3B1-5EFBBEA85A56}.Debug|Any CPU.Build.0 = Debug|Any CPU
		{3468FC07-46E4-458B-A3B1-5EFBBEA85A56}.Release|Any CPU.ActiveCfg = Release|Any CPU
		{3468FC07-46E4-458B-A3B1-5EFBBEA85A56}.Release|Any CPU.Build.0 = Release|Any CPU
		{0C57D2B4-E17E-434F-A82F-6AD7ACB862EE}.Debug|Any CPU.ActiveCfg = Debug|Any CPU
		{0C57D2B4-E17E-434F-A82F-6AD7ACB862EE}.Debug|Any CPU.Build.0 = Debug|Any CPU
		{0C57D2B4-E17E-434F-A82F-6AD7ACB862EE}.Release|Any CPU.ActiveCfg = Release|Any CPU
		{0C57D2B4-E17E-434F-A82F-6AD7ACB862EE}.Release|Any CPU.Build.0 = Release|Any CPU
		{E77FAB80-4C65-4078-81F2-2923EB84A89B}.Debug|Any CPU.ActiveCfg = Debug|Any CPU
		{E77FAB80-4C65-4078-81F2-2923EB84A89B}.Debug|Any CPU.Build.0 = Debug|Any CPU
		{E77FAB80-4C65-4078-81F2-2923EB84A89B}.Release|Any CPU.ActiveCfg = Release|Any CPU
		{E77FAB80-4C65-4078-81F2-2923EB84A89B}.Release|Any CPU.Build.0 = Release|Any CPU
		{F5179490-4CBC-4C76-84F9-84D1D2432188}.Debug|Any CPU.ActiveCfg = Debug|Any CPU
		{F5179490-4CBC-4C76-84F9-84D1D2432188}.Debug|Any CPU.Build.0 = Debug|Any CPU
		{F5179490-4CBC-4C76-84F9-84D1D2432188}.Release|Any CPU.ActiveCfg = Release|Any CPU
		{F5179490-4CBC-4C76-84F9-84D1D2432188}.Release|Any CPU.Build.0 = Release|Any CPU
		{8A22B312-9E7A-477F-B7C0-11A3DE37B793}.Debug|Any CPU.ActiveCfg = Debug|Any CPU
		{8A22B312-9E7A-477F-B7C0-11A3DE37B793}.Debug|Any CPU.Build.0 = Debug|Any CPU
		{8A22B312-9E7A-477F-B7C0-11A3DE37B793}.Release|Any CPU.ActiveCfg = Release|Any CPU
		{8A22B312-9E7A-477F-B7C0-11A3DE37B793}.Release|Any CPU.Build.0 = Release|Any CPU
		{61C289C9-28AA-45AC-AE0C-EF037C121123}.Debug|Any CPU.ActiveCfg = Debug|Any CPU
		{61C289C9-28AA-45AC-AE0C-EF037C121123}.Debug|Any CPU.Build.0 = Debug|Any CPU
		{61C289C9-28AA-45AC-AE0C-EF037C121123}.Release|Any CPU.ActiveCfg = Release|Any CPU
		{61C289C9-28AA-45AC-AE0C-EF037C121123}.Release|Any CPU.Build.0 = Release|Any CPU
		{A8C17D49-74C7-44E8-8B5E-2E4056460BD1}.Debug|Any CPU.ActiveCfg = Debug|Any CPU
		{A8C17D49-74C7-44E8-8B5E-2E4056460BD1}.Debug|Any CPU.Build.0 = Debug|Any CPU
		{A8C17D49-74C7-44E8-8B5E-2E4056460BD1}.Release|Any CPU.ActiveCfg = Release|Any CPU
		{A8C17D49-74C7-44E8-8B5E-2E4056460BD1}.Release|Any CPU.Build.0 = Release|Any CPU
		{27ECE319-1D4F-4B6F-A853-9E546703B63C}.Debug|Any CPU.ActiveCfg = Debug|Any CPU
		{27ECE319-1D4F-4B6F-A853-9E546703B63C}.Debug|Any CPU.Build.0 = Debug|Any CPU
		{27ECE319-1D4F-4B6F-A853-9E546703B63C}.Release|Any CPU.ActiveCfg = Release|Any CPU
		{27ECE319-1D4F-4B6F-A853-9E546703B63C}.Release|Any CPU.Build.0 = Release|Any CPU
		{BBEADA26-2F2C-46BD-B3AB-DF4FFDF572EC}.Debug|Any CPU.ActiveCfg = Debug|Any CPU
		{BBEADA26-2F2C-46BD-B3AB-DF4FFDF572EC}.Debug|Any CPU.Build.0 = Debug|Any CPU
		{BBEADA26-2F2C-46BD-B3AB-DF4FFDF572EC}.Release|Any CPU.ActiveCfg = Release|Any CPU
		{BBEADA26-2F2C-46BD-B3AB-DF4FFDF572EC}.Release|Any CPU.Build.0 = Release|Any CPU
		{4F3E821E-696B-4D81-9F19-34F0012E4B06}.Debug|Any CPU.ActiveCfg = Debug|Any CPU
		{4F3E821E-696B-4D81-9F19-34F0012E4B06}.Debug|Any CPU.Build.0 = Debug|Any CPU
		{4F3E821E-696B-4D81-9F19-34F0012E4B06}.Release|Any CPU.ActiveCfg = Release|Any CPU
		{4F3E821E-696B-4D81-9F19-34F0012E4B06}.Release|Any CPU.Build.0 = Release|Any CPU
		{4CC7F11F-0524-4036-A2B6-5D1A9D23DEB6}.Debug|Any CPU.ActiveCfg = Debug|Any CPU
		{4CC7F11F-0524-4036-A2B6-5D1A9D23DEB6}.Debug|Any CPU.Build.0 = Debug|Any CPU
		{4CC7F11F-0524-4036-A2B6-5D1A9D23DEB6}.Release|Any CPU.ActiveCfg = Release|Any CPU
		{4CC7F11F-0524-4036-A2B6-5D1A9D23DEB6}.Release|Any CPU.Build.0 = Release|Any CPU
		{4AB666CF-492F-4F1A-B1F3-16E500D1E02C}.Debug|Any CPU.ActiveCfg = Debug|Any CPU
		{4AB666CF-492F-4F1A-B1F3-16E500D1E02C}.Debug|Any CPU.Build.0 = Debug|Any CPU
		{4AB666CF-492F-4F1A-B1F3-16E500D1E02C}.Release|Any CPU.ActiveCfg = Release|Any CPU
		{4AB666CF-492F-4F1A-B1F3-16E500D1E02C}.Release|Any CPU.Build.0 = Release|Any CPU
		{98397F69-8061-4B98-8C67-DF7FFDFF6BFD}.Debug|Any CPU.ActiveCfg = Debug|Any CPU
		{98397F69-8061-4B98-8C67-DF7FFDFF6BFD}.Debug|Any CPU.Build.0 = Debug|Any CPU
		{98397F69-8061-4B98-8C67-DF7FFDFF6BFD}.Release|Any CPU.ActiveCfg = Release|Any CPU
		{98397F69-8061-4B98-8C67-DF7FFDFF6BFD}.Release|Any CPU.Build.0 = Release|Any CPU
		{80943F13-6AAD-4E09-A51E-F4D1AB183308}.Debug|Any CPU.ActiveCfg = Debug|Any CPU
		{80943F13-6AAD-4E09-A51E-F4D1AB183308}.Debug|Any CPU.Build.0 = Debug|Any CPU
		{80943F13-6AAD-4E09-A51E-F4D1AB183308}.Release|Any CPU.ActiveCfg = Release|Any CPU
		{80943F13-6AAD-4E09-A51E-F4D1AB183308}.Release|Any CPU.Build.0 = Release|Any CPU
		{0871327B-9DFF-4213-813E-317EF643D4C7}.Debug|Any CPU.ActiveCfg = Debug|Any CPU
		{0871327B-9DFF-4213-813E-317EF643D4C7}.Debug|Any CPU.Build.0 = Debug|Any CPU
		{0871327B-9DFF-4213-813E-317EF643D4C7}.Release|Any CPU.ActiveCfg = Release|Any CPU
		{0871327B-9DFF-4213-813E-317EF643D4C7}.Release|Any CPU.Build.0 = Release|Any CPU
		{869FE443-A1E4-4952-A94E-10BA122D3404}.Debug|Any CPU.ActiveCfg = Debug|Any CPU
		{869FE443-A1E4-4952-A94E-10BA122D3404}.Debug|Any CPU.Build.0 = Debug|Any CPU
		{869FE443-A1E4-4952-A94E-10BA122D3404}.Release|Any CPU.ActiveCfg = Release|Any CPU
		{869FE443-A1E4-4952-A94E-10BA122D3404}.Release|Any CPU.Build.0 = Release|Any CPU
		{BBB3F726-6D44-46EF-A0AD-39DABEAC650E}.Debug|Any CPU.ActiveCfg = Debug|Any CPU
		{BBB3F726-6D44-46EF-A0AD-39DABEAC650E}.Debug|Any CPU.Build.0 = Debug|Any CPU
		{BBB3F726-6D44-46EF-A0AD-39DABEAC650E}.Release|Any CPU.ActiveCfg = Release|Any CPU
		{BBB3F726-6D44-46EF-A0AD-39DABEAC650E}.Release|Any CPU.Build.0 = Release|Any CPU
		{A38AA3AC-BC25-4C03-8C50-F5189A525675}.Debug|Any CPU.ActiveCfg = Debug|Any CPU
		{A38AA3AC-BC25-4C03-8C50-F5189A525675}.Debug|Any CPU.Build.0 = Debug|Any CPU
		{A38AA3AC-BC25-4C03-8C50-F5189A525675}.Release|Any CPU.ActiveCfg = Release|Any CPU
		{A38AA3AC-BC25-4C03-8C50-F5189A525675}.Release|Any CPU.Build.0 = Release|Any CPU
		{D89C952C-C20F-4C96-9527-EA436B7A1C62}.Debug|Any CPU.ActiveCfg = Debug|Any CPU
		{D89C952C-C20F-4C96-9527-EA436B7A1C62}.Debug|Any CPU.Build.0 = Debug|Any CPU
		{D89C952C-C20F-4C96-9527-EA436B7A1C62}.Release|Any CPU.ActiveCfg = Release|Any CPU
		{D89C952C-C20F-4C96-9527-EA436B7A1C62}.Release|Any CPU.Build.0 = Release|Any CPU
		{A621138B-BF4E-4DD4-BE00-0E720675A0C7}.Debug|Any CPU.ActiveCfg = Debug|Any CPU
		{A621138B-BF4E-4DD4-BE00-0E720675A0C7}.Debug|Any CPU.Build.0 = Debug|Any CPU
		{A621138B-BF4E-4DD4-BE00-0E720675A0C7}.Release|Any CPU.ActiveCfg = Release|Any CPU
		{A621138B-BF4E-4DD4-BE00-0E720675A0C7}.Release|Any CPU.Build.0 = Release|Any CPU
		{637CB98A-6B9E-48C7-AD01-A801A733CEFD}.Debug|Any CPU.ActiveCfg = Debug|Any CPU
		{637CB98A-6B9E-48C7-AD01-A801A733CEFD}.Debug|Any CPU.Build.0 = Debug|Any CPU
		{637CB98A-6B9E-48C7-AD01-A801A733CEFD}.Release|Any CPU.ActiveCfg = Release|Any CPU
		{637CB98A-6B9E-48C7-AD01-A801A733CEFD}.Release|Any CPU.Build.0 = Release|Any CPU
		{181B10A9-E3E4-4847-B1ED-9FC8AF8E5BD9}.Debug|Any CPU.ActiveCfg = Debug|Any CPU
		{181B10A9-E3E4-4847-B1ED-9FC8AF8E5BD9}.Debug|Any CPU.Build.0 = Debug|Any CPU
		{181B10A9-E3E4-4847-B1ED-9FC8AF8E5BD9}.Release|Any CPU.ActiveCfg = Release|Any CPU
		{181B10A9-E3E4-4847-B1ED-9FC8AF8E5BD9}.Release|Any CPU.Build.0 = Release|Any CPU
		{1F19C173-2B91-4AAC-9F97-36DF59BE222B}.Debug|Any CPU.ActiveCfg = Debug|Any CPU
		{1F19C173-2B91-4AAC-9F97-36DF59BE222B}.Debug|Any CPU.Build.0 = Debug|Any CPU
		{1F19C173-2B91-4AAC-9F97-36DF59BE222B}.Release|Any CPU.ActiveCfg = Release|Any CPU
		{1F19C173-2B91-4AAC-9F97-36DF59BE222B}.Release|Any CPU.Build.0 = Release|Any CPU
		{593AB8D3-17A8-41DA-8936-354E476D2EF0}.Debug|Any CPU.ActiveCfg = Debug|Any CPU
		{593AB8D3-17A8-41DA-8936-354E476D2EF0}.Debug|Any CPU.Build.0 = Debug|Any CPU
		{593AB8D3-17A8-41DA-8936-354E476D2EF0}.Release|Any CPU.ActiveCfg = Release|Any CPU
		{593AB8D3-17A8-41DA-8936-354E476D2EF0}.Release|Any CPU.Build.0 = Release|Any CPU
		{1DA3E9CC-202D-4669-9907-2C1CD4F56433}.Debug|Any CPU.ActiveCfg = Debug|Any CPU
		{1DA3E9CC-202D-4669-9907-2C1CD4F56433}.Debug|Any CPU.Build.0 = Debug|Any CPU
		{1DA3E9CC-202D-4669-9907-2C1CD4F56433}.Release|Any CPU.ActiveCfg = Release|Any CPU
		{1DA3E9CC-202D-4669-9907-2C1CD4F56433}.Release|Any CPU.Build.0 = Release|Any CPU
		{EE7D6ED3-32C8-4D44-9B9A-5AC9D7AA7E95}.Debug|Any CPU.ActiveCfg = Debug|Any CPU
		{EE7D6ED3-32C8-4D44-9B9A-5AC9D7AA7E95}.Debug|Any CPU.Build.0 = Debug|Any CPU
		{EE7D6ED3-32C8-4D44-9B9A-5AC9D7AA7E95}.Release|Any CPU.ActiveCfg = Release|Any CPU
		{EE7D6ED3-32C8-4D44-9B9A-5AC9D7AA7E95}.Release|Any CPU.Build.0 = Release|Any CPU
		{E6676CD8-5AB7-4BCA-952E-9935A53116EC}.Debug|Any CPU.ActiveCfg = Debug|Any CPU
		{E6676CD8-5AB7-4BCA-952E-9935A53116EC}.Debug|Any CPU.Build.0 = Debug|Any CPU
		{E6676CD8-5AB7-4BCA-952E-9935A53116EC}.Release|Any CPU.ActiveCfg = Release|Any CPU
		{E6676CD8-5AB7-4BCA-952E-9935A53116EC}.Release|Any CPU.Build.0 = Release|Any CPU
		{2C610DEE-2D8A-4321-8FD1-38690D86A608}.Debug|Any CPU.ActiveCfg = Debug|Any CPU
		{2C610DEE-2D8A-4321-8FD1-38690D86A608}.Debug|Any CPU.Build.0 = Debug|Any CPU
		{2C610DEE-2D8A-4321-8FD1-38690D86A608}.Release|Any CPU.ActiveCfg = Release|Any CPU
		{2C610DEE-2D8A-4321-8FD1-38690D86A608}.Release|Any CPU.Build.0 = Release|Any CPU
		{EB060155-49EC-4E25-A3A8-C486F1B8D8DD}.Debug|Any CPU.ActiveCfg = Debug|Any CPU
		{EB060155-49EC-4E25-A3A8-C486F1B8D8DD}.Debug|Any CPU.Build.0 = Debug|Any CPU
		{EB060155-49EC-4E25-A3A8-C486F1B8D8DD}.Release|Any CPU.ActiveCfg = Release|Any CPU
		{EB060155-49EC-4E25-A3A8-C486F1B8D8DD}.Release|Any CPU.Build.0 = Release|Any CPU
		{D3245F0A-9526-498E-AC90-03203E91381E}.Debug|Any CPU.ActiveCfg = Debug|Any CPU
		{D3245F0A-9526-498E-AC90-03203E91381E}.Debug|Any CPU.Build.0 = Debug|Any CPU
		{D3245F0A-9526-498E-AC90-03203E91381E}.Release|Any CPU.ActiveCfg = Release|Any CPU
		{D3245F0A-9526-498E-AC90-03203E91381E}.Release|Any CPU.Build.0 = Release|Any CPU
		{EA9187B8-2D63-422D-A626-9410232A0B06}.Debug|Any CPU.ActiveCfg = Debug|Any CPU
		{EA9187B8-2D63-422D-A626-9410232A0B06}.Debug|Any CPU.Build.0 = Debug|Any CPU
		{EA9187B8-2D63-422D-A626-9410232A0B06}.Release|Any CPU.ActiveCfg = Release|Any CPU
		{EA9187B8-2D63-422D-A626-9410232A0B06}.Release|Any CPU.Build.0 = Release|Any CPU
		{8B3BA690-BEFF-44E9-9432-651CE26C6CA3}.Debug|Any CPU.ActiveCfg = Debug|Any CPU
		{8B3BA690-BEFF-44E9-9432-651CE26C6CA3}.Debug|Any CPU.Build.0 = Debug|Any CPU
		{8B3BA690-BEFF-44E9-9432-651CE26C6CA3}.Release|Any CPU.ActiveCfg = Release|Any CPU
		{8B3BA690-BEFF-44E9-9432-651CE26C6CA3}.Release|Any CPU.Build.0 = Release|Any CPU
		{C505DFBB-6AF1-4047-9B0C-EE7A1CB823DC}.Debug|Any CPU.ActiveCfg = Debug|Any CPU
		{C505DFBB-6AF1-4047-9B0C-EE7A1CB823DC}.Debug|Any CPU.Build.0 = Debug|Any CPU
		{C505DFBB-6AF1-4047-9B0C-EE7A1CB823DC}.Release|Any CPU.ActiveCfg = Release|Any CPU
		{C505DFBB-6AF1-4047-9B0C-EE7A1CB823DC}.Release|Any CPU.Build.0 = Release|Any CPU
		{1FA6F1F5-7FD0-45D3-972A-725DA7B2EC3D}.Debug|Any CPU.ActiveCfg = Debug|Any CPU
		{1FA6F1F5-7FD0-45D3-972A-725DA7B2EC3D}.Debug|Any CPU.Build.0 = Debug|Any CPU
		{1FA6F1F5-7FD0-45D3-972A-725DA7B2EC3D}.Release|Any CPU.ActiveCfg = Release|Any CPU
		{1FA6F1F5-7FD0-45D3-972A-725DA7B2EC3D}.Release|Any CPU.Build.0 = Release|Any CPU
		{E7527BA5-2D79-45E9-B6EF-E4A480335F5C}.Debug|Any CPU.ActiveCfg = Debug|Any CPU
		{E7527BA5-2D79-45E9-B6EF-E4A480335F5C}.Debug|Any CPU.Build.0 = Debug|Any CPU
		{E7527BA5-2D79-45E9-B6EF-E4A480335F5C}.Release|Any CPU.ActiveCfg = Release|Any CPU
		{E7527BA5-2D79-45E9-B6EF-E4A480335F5C}.Release|Any CPU.Build.0 = Release|Any CPU
		{B66C279F-8C77-403E-A77D-A0EC482AD791}.Debug|Any CPU.ActiveCfg = Debug|Any CPU
		{B66C279F-8C77-403E-A77D-A0EC482AD791}.Debug|Any CPU.Build.0 = Debug|Any CPU
		{B66C279F-8C77-403E-A77D-A0EC482AD791}.Release|Any CPU.ActiveCfg = Release|Any CPU
		{B66C279F-8C77-403E-A77D-A0EC482AD791}.Release|Any CPU.Build.0 = Release|Any CPU
		{04B14461-0164-48A1-BA95-A2CBD1635D30}.Debug|Any CPU.ActiveCfg = Debug|Any CPU
		{04B14461-0164-48A1-BA95-A2CBD1635D30}.Debug|Any CPU.Build.0 = Debug|Any CPU
		{04B14461-0164-48A1-BA95-A2CBD1635D30}.Release|Any CPU.ActiveCfg = Release|Any CPU
		{04B14461-0164-48A1-BA95-A2CBD1635D30}.Release|Any CPU.Build.0 = Release|Any CPU
	EndGlobalSection
	GlobalSection(SolutionProperties) = preSolution
		HideSolutionNode = FALSE
	EndGlobalSection
	GlobalSection(NestedProjects) = preSolution
		{8EB6A5C2-4A01-4038-ADAA-33044EDAAFAC} = {F488F8E8-558D-4B1E-9688-1F762DD7578E}
		{42001798-3515-4507-9D68-56F839BEE5ED} = {F488F8E8-558D-4B1E-9688-1F762DD7578E}
		{244D0F49-CF07-456F-A7EE-2408CA190C14} = {F488F8E8-558D-4B1E-9688-1F762DD7578E}
		{A0DD32BD-06A3-4AE8-BD90-4C072C6C1A88} = {F488F8E8-558D-4B1E-9688-1F762DD7578E}
		{385F8299-55D8-4C59-B150-A5126CC586AD} = {F488F8E8-558D-4B1E-9688-1F762DD7578E}
		{97B26E48-EE18-4824-A92A-87FC20313FCA} = {F488F8E8-558D-4B1E-9688-1F762DD7578E}
		{143CCC33-59FD-4B93-BDD7-04585C9174B7} = {8EB6A5C2-4A01-4038-ADAA-33044EDAAFAC}
		{53DED568-EBE6-4C2E-80CC-F91DFC660D0E} = {8EB6A5C2-4A01-4038-ADAA-33044EDAAFAC}
		{0E0F4719-79D3-4BF9-8B22-255DA3DC8B6D} = {8EB6A5C2-4A01-4038-ADAA-33044EDAAFAC}
		{5462F77A-673C-4CA9-94BF-CF1B6208E117} = {8EB6A5C2-4A01-4038-ADAA-33044EDAAFAC}
		{75822D88-44D2-49FB-9AC8-4BDD4E3586A6} = {8EB6A5C2-4A01-4038-ADAA-33044EDAAFAC}
		{085FBBFC-825E-418E-9E8A-03051BA9B83A} = {143CCC33-59FD-4B93-BDD7-04585C9174B7}
		{02C71683-EC06-440A-9EA0-25D2B09C76E7} = {53DED568-EBE6-4C2E-80CC-F91DFC660D0E}
		{A1947884-9009-4958-95F9-336917E81C20} = {0E0F4719-79D3-4BF9-8B22-255DA3DC8B6D}
		{49A07473-AE39-49A6-AD14-F024AAA66D5C} = {5462F77A-673C-4CA9-94BF-CF1B6208E117}
		{ECA0F775-22F9-47A7-9D1B-D2C7EFCB2053} = {75822D88-44D2-49FB-9AC8-4BDD4E3586A6}
		{C29B2725-3070-4669-8D0B-6E4DCBFEDDA8} = {75822D88-44D2-49FB-9AC8-4BDD4E3586A6}
		{ECE6E442-0FD9-42AB-B0AD-F0084B3E3475} = {42001798-3515-4507-9D68-56F839BEE5ED}
		{657DA465-87B8-42D3-893F-BA8EC3249DC6} = {42001798-3515-4507-9D68-56F839BEE5ED}
		{9DEFF6A3-7145-4B8F-9CBA-E8CC9514A364} = {42001798-3515-4507-9D68-56F839BEE5ED}
		{B2047E6C-868F-495F-AC15-C8005FB36EF1} = {42001798-3515-4507-9D68-56F839BEE5ED}
		{C13B3C0B-BB05-4588-9A11-00081CB6F769} = {244D0F49-CF07-456F-A7EE-2408CA190C14}
		{4AFABC03-585B-4BF7-A247-D82387E801C2} = {244D0F49-CF07-456F-A7EE-2408CA190C14}
		{2A7C984A-9EE2-45BD-AD6E-ED40589D52AF} = {244D0F49-CF07-456F-A7EE-2408CA190C14}
		{401BB778-7166-4F85-8775-634DA0D81C7B} = {244D0F49-CF07-456F-A7EE-2408CA190C14}
		{80E630CF-6BF5-471A-81A6-9B12892CF128} = {244D0F49-CF07-456F-A7EE-2408CA190C14}
		{5F484C21-5F4D-4235-A5D6-7D842ADADAA9} = {A0DD32BD-06A3-4AE8-BD90-4C072C6C1A88}
		{4F9E62FB-B8C2-4454-AB27-5D412E86F793} = {A0DD32BD-06A3-4AE8-BD90-4C072C6C1A88}
		{16E2438D-65B2-4354-AB95-F2832403A234} = {A0DD32BD-06A3-4AE8-BD90-4C072C6C1A88}
		{D22186F0-1BDD-4460-BF98-BCCDEFA13177} = {A0DD32BD-06A3-4AE8-BD90-4C072C6C1A88}
		{BE4EAC5C-BB8F-407D-8907-D66E9FF2A736} = {A0DD32BD-06A3-4AE8-BD90-4C072C6C1A88}
		{85144E10-CC0D-4DDB-BA7A-C72AEDE601CE} = {385F8299-55D8-4C59-B150-A5126CC586AD}
		{2F9C4D3F-10FD-482E-A9DC-195298E96B7F} = {385F8299-55D8-4C59-B150-A5126CC586AD}
		{5D4391A9-5EF9-4BED-8502-BF380656DF9C} = {385F8299-55D8-4C59-B150-A5126CC586AD}
		{ED04A0BC-8577-4CF9-AEA7-3523E58F5A23} = {385F8299-55D8-4C59-B150-A5126CC586AD}
		{F9C1B9E3-B201-4987-9B76-D50958AA4C64} = {385F8299-55D8-4C59-B150-A5126CC586AD}
		{C3785A7B-7A17-4BD9-8AD8-3F003874BAAA} = {97B26E48-EE18-4824-A92A-87FC20313FCA}
		{D95D45C3-19AE-4F1A-A1DE-CA96D8114A2C} = {97B26E48-EE18-4824-A92A-87FC20313FCA}
		{0C3FEAF3-97E4-454D-AD98-A424019840A9} = {97B26E48-EE18-4824-A92A-87FC20313FCA}
		{E66964D1-4F7D-42CB-BD36-CB35FAFCCBB6} = {97B26E48-EE18-4824-A92A-87FC20313FCA}
		{9C128904-8C2C-41D1-86F6-A39DBB9058F7} = {97B26E48-EE18-4824-A92A-87FC20313FCA}
		{89821A1E-FE96-4F49-8D25-E4579631573C} = {C13B3C0B-BB05-4588-9A11-00081CB6F769}
		{1559C780-02FD-431D-BD14-40E992E821DA} = {4AFABC03-585B-4BF7-A247-D82387E801C2}
		{7DFFDC76-5A0A-43E0-952C-415A46E1BF2B} = {2A7C984A-9EE2-45BD-AD6E-ED40589D52AF}
		{E240AD4B-72CD-4487-AEAA-AB51E493A4F0} = {401BB778-7166-4F85-8775-634DA0D81C7B}
		{2FD035DF-194C-4ABA-A8F2-E97B1C052A4E} = {80E630CF-6BF5-471A-81A6-9B12892CF128}
		{7E37DC09-1B76-481D-B92C-80ACE1D63585} = {80E630CF-6BF5-471A-81A6-9B12892CF128}
		{B538B777-3CFE-413F-A806-71CC4F40C37F} = {80E630CF-6BF5-471A-81A6-9B12892CF128}
		{B5A731D3-B4F8-4372-B263-775669F28EEA} = {5F484C21-5F4D-4235-A5D6-7D842ADADAA9}
		{3BEB292B-B018-4277-BA4D-C9C0A0F66005} = {4F9E62FB-B8C2-4454-AB27-5D412E86F793}
		{2B71A256-E079-410E-AB98-626535A5C2F4} = {16E2438D-65B2-4354-AB95-F2832403A234}
		{3468FC07-46E4-458B-A3B1-5EFBBEA85A56} = {D22186F0-1BDD-4460-BF98-BCCDEFA13177}
		{0C57D2B4-E17E-434F-A82F-6AD7ACB862EE} = {BE4EAC5C-BB8F-407D-8907-D66E9FF2A736}
		{E77FAB80-4C65-4078-81F2-2923EB84A89B} = {BE4EAC5C-BB8F-407D-8907-D66E9FF2A736}
		{F5179490-4CBC-4C76-84F9-84D1D2432188} = {BE4EAC5C-BB8F-407D-8907-D66E9FF2A736}
		{8A22B312-9E7A-477F-B7C0-11A3DE37B793} = {85144E10-CC0D-4DDB-BA7A-C72AEDE601CE}
		{61C289C9-28AA-45AC-AE0C-EF037C121123} = {2F9C4D3F-10FD-482E-A9DC-195298E96B7F}
		{A8C17D49-74C7-44E8-8B5E-2E4056460BD1} = {5D4391A9-5EF9-4BED-8502-BF380656DF9C}
		{27ECE319-1D4F-4B6F-A853-9E546703B63C} = {ED04A0BC-8577-4CF9-AEA7-3523E58F5A23}
		{BBEADA26-2F2C-46BD-B3AB-DF4FFDF572EC} = {F9C1B9E3-B201-4987-9B76-D50958AA4C64}
		{4F3E821E-696B-4D81-9F19-34F0012E4B06} = {F9C1B9E3-B201-4987-9B76-D50958AA4C64}
		{4CC7F11F-0524-4036-A2B6-5D1A9D23DEB6} = {F9C1B9E3-B201-4987-9B76-D50958AA4C64}
		{4AB666CF-492F-4F1A-B1F3-16E500D1E02C} = {C3785A7B-7A17-4BD9-8AD8-3F003874BAAA}
		{98397F69-8061-4B98-8C67-DF7FFDFF6BFD} = {D95D45C3-19AE-4F1A-A1DE-CA96D8114A2C}
		{80943F13-6AAD-4E09-A51E-F4D1AB183308} = {0C3FEAF3-97E4-454D-AD98-A424019840A9}
		{0871327B-9DFF-4213-813E-317EF643D4C7} = {E66964D1-4F7D-42CB-BD36-CB35FAFCCBB6}
		{869FE443-A1E4-4952-A94E-10BA122D3404} = {9C128904-8C2C-41D1-86F6-A39DBB9058F7}
		{BBB3F726-6D44-46EF-A0AD-39DABEAC650E} = {9C128904-8C2C-41D1-86F6-A39DBB9058F7}
		{A38AA3AC-BC25-4C03-8C50-F5189A525675} = {9C128904-8C2C-41D1-86F6-A39DBB9058F7}
		{9C774C8C-3E7A-449E-8CBE-B692935FFA0F} = {8EB6A5C2-4A01-4038-ADAA-33044EDAAFAC}
		{D89C952C-C20F-4C96-9527-EA436B7A1C62} = {9C774C8C-3E7A-449E-8CBE-B692935FFA0F}
		{A621138B-BF4E-4DD4-BE00-0E720675A0C7} = {ECE6E442-0FD9-42AB-B0AD-F0084B3E3475}
		{637CB98A-6B9E-48C7-AD01-A801A733CEFD} = {657DA465-87B8-42D3-893F-BA8EC3249DC6}
		{181B10A9-E3E4-4847-B1ED-9FC8AF8E5BD9} = {9DEFF6A3-7145-4B8F-9CBA-E8CC9514A364}
		{1F19C173-2B91-4AAC-9F97-36DF59BE222B} = {B2047E6C-868F-495F-AC15-C8005FB36EF1}
		{593AB8D3-17A8-41DA-8936-354E476D2EF0} = {B2047E6C-868F-495F-AC15-C8005FB36EF1}
		{1DA3E9CC-202D-4669-9907-2C1CD4F56433} = {B2047E6C-868F-495F-AC15-C8005FB36EF1}
		{EE7D6ED3-32C8-4D44-9B9A-5AC9D7AA7E95} = {42001798-3515-4507-9D68-56F839BEE5ED}
		{FBA56963-B41F-46EF-A6B5-071EECBB3502} = {42001798-3515-4507-9D68-56F839BEE5ED}
		{E6676CD8-5AB7-4BCA-952E-9935A53116EC} = {FBA56963-B41F-46EF-A6B5-071EECBB3502}
		{807BCC20-BF6B-4540-81A2-B25340AB9898} = {F488F8E8-558D-4B1E-9688-1F762DD7578E}
		{DF796AFE-054C-4BDD-A959-6AF7D4128EEE} = {807BCC20-BF6B-4540-81A2-B25340AB9898}
		{408F360B-19D2-4122-953B-5DC0F5C78043} = {807BCC20-BF6B-4540-81A2-B25340AB9898}
		{7D00C86E-261B-4B2C-9202-45B97CBA2BEA} = {807BCC20-BF6B-4540-81A2-B25340AB9898}
		{BE9702FC-8D22-4DFC-A69B-EC3BC198CD87} = {807BCC20-BF6B-4540-81A2-B25340AB9898}
		{54E88978-9599-4959-894B-7CC82867AD31} = {807BCC20-BF6B-4540-81A2-B25340AB9898}
		{46180EE6-9E93-48DE-9008-2E6C6FC61D3E} = {807BCC20-BF6B-4540-81A2-B25340AB9898}
		{2C610DEE-2D8A-4321-8FD1-38690D86A608} = {DF796AFE-054C-4BDD-A959-6AF7D4128EEE}
		{EB060155-49EC-4E25-A3A8-C486F1B8D8DD} = {408F360B-19D2-4122-953B-5DC0F5C78043}
		{D3245F0A-9526-498E-AC90-03203E91381E} = {7D00C86E-261B-4B2C-9202-45B97CBA2BEA}
		{EA9187B8-2D63-422D-A626-9410232A0B06} = {BE9702FC-8D22-4DFC-A69B-EC3BC198CD87}
		{8B3BA690-BEFF-44E9-9432-651CE26C6CA3} = {54E88978-9599-4959-894B-7CC82867AD31}
		{C505DFBB-6AF1-4047-9B0C-EE7A1CB823DC} = {54E88978-9599-4959-894B-7CC82867AD31}
		{1FA6F1F5-7FD0-45D3-972A-725DA7B2EC3D} = {54E88978-9599-4959-894B-7CC82867AD31}
		{E7527BA5-2D79-45E9-B6EF-E4A480335F5C} = {54E88978-9599-4959-894B-7CC82867AD31}
		{B66C279F-8C77-403E-A77D-A0EC482AD791} = {46180EE6-9E93-48DE-9008-2E6C6FC61D3E}
		{04B14461-0164-48A1-BA95-A2CBD1635D30} = {DF796AFE-054C-4BDD-A959-6AF7D4128EEE}
	EndGlobalSection
	GlobalSection(ExtensibilityGlobals) = postSolution
		SolutionGuid = {AE633C48-C998-423E-8C40-A2514D5D900B}
	EndGlobalSection
EndGlobal
