
Microsoft Visual Studio Solution File, Format Version 12.00
# Visual Studio Version 16
VisualStudioVersion = 16.0.31105.61
MinimumVisualStudioVersion = 10.0.40219.1
Project("{FAE04EC0-301F-11D3-BF4B-00C04F79EFBC}") = "Advertisements", "Advertisements\Advertisements.csproj", "{B943D660-D6DF-43DB-9BEB-4A06C0BAE9B5}"
EndProject
Project("{FAE04EC0-301F-11D3-BF4B-00C04F79EFBC}") = "Comments", "Comments\Comments.csproj", "{2A8A365C-7148-4E47-920A-A673711503D9}"
EndProject
Project("{FAE04EC0-301F-11D3-BF4B-00C04F79EFBC}") = "Identity", "Identity\Identity.csproj", "{3A66F672-78ED-423B-94BB-3C18357834C5}"
EndProject
Project("{FAE04EC0-301F-11D3-BF4B-00C04F79EFBC}") = "Images", "Images\Images.csproj", "{19AB40BD-E59A-4E80-8729-9E5F297BF6C9}"
EndProject
Project("{FAE04EC0-301F-11D3-BF4B-00C04F79EFBC}") = "Userpics", "Userpics\Userpics.csproj", "{FD537FA9-2288-4F09-8A73-6E3EEFA90DD4}"
EndProject
Project("{FAE04EC0-301F-11D3-BF4B-00C04F79EFBC}") = "DomainUsers", "DomainUsers\DomainUsers.csproj", "{B7A05897-7D00-418A-94A2-F67CA8BE964A}"
EndProject
Project("{FAE04EC0-301F-11D3-BF4B-00C04F79EFBC}") = "WebAPI", "WebAPI\WebAPI.csproj", "{C4CD5670-1301-486A-9393-7F65ABABDE8B}"
EndProject
Global
	GlobalSection(SolutionConfigurationPlatforms) = preSolution
		Debug|Any CPU = Debug|Any CPU
		Release|Any CPU = Release|Any CPU
	EndGlobalSection
	GlobalSection(ProjectConfigurationPlatforms) = postSolution
		{B943D660-D6DF-43DB-9BEB-4A06C0BAE9B5}.Debug|Any CPU.ActiveCfg = Debug|Any CPU
		{B943D660-D6DF-43DB-9BEB-4A06C0BAE9B5}.Debug|Any CPU.Build.0 = Debug|Any CPU
		{B943D660-D6DF-43DB-9BEB-4A06C0BAE9B5}.Release|Any CPU.ActiveCfg = Release|Any CPU
		{B943D660-D6DF-43DB-9BEB-4A06C0BAE9B5}.Release|Any CPU.Build.0 = Release|Any CPU
		{2A8A365C-7148-4E47-920A-A673711503D9}.Debug|Any CPU.ActiveCfg = Debug|Any CPU
		{2A8A365C-7148-4E47-920A-A673711503D9}.Debug|Any CPU.Build.0 = Debug|Any CPU
		{2A8A365C-7148-4E47-920A-A673711503D9}.Release|Any CPU.ActiveCfg = Release|Any CPU
		{2A8A365C-7148-4E47-920A-A673711503D9}.Release|Any CPU.Build.0 = Release|Any CPU
		{3A66F672-78ED-423B-94BB-3C18357834C5}.Debug|Any CPU.ActiveCfg = Debug|Any CPU
		{3A66F672-78ED-423B-94BB-3C18357834C5}.Debug|Any CPU.Build.0 = Debug|Any CPU
		{3A66F672-78ED-423B-94BB-3C18357834C5}.Release|Any CPU.ActiveCfg = Release|Any CPU
		{3A66F672-78ED-423B-94BB-3C18357834C5}.Release|Any CPU.Build.0 = Release|Any CPU
		{19AB40BD-E59A-4E80-8729-9E5F297BF6C9}.Debug|Any CPU.ActiveCfg = Debug|Any CPU
		{19AB40BD-E59A-4E80-8729-9E5F297BF6C9}.Debug|Any CPU.Build.0 = Debug|Any CPU
		{19AB40BD-E59A-4E80-8729-9E5F297BF6C9}.Release|Any CPU.ActiveCfg = Release|Any CPU
		{19AB40BD-E59A-4E80-8729-9E5F297BF6C9}.Release|Any CPU.Build.0 = Release|Any CPU
		{FD537FA9-2288-4F09-8A73-6E3EEFA90DD4}.Debug|Any CPU.ActiveCfg = Debug|Any CPU
		{FD537FA9-2288-4F09-8A73-6E3EEFA90DD4}.Debug|Any CPU.Build.0 = Debug|Any CPU
		{FD537FA9-2288-4F09-8A73-6E3EEFA90DD4}.Release|Any CPU.ActiveCfg = Release|Any CPU
		{FD537FA9-2288-4F09-8A73-6E3EEFA90DD4}.Release|Any CPU.Build.0 = Release|Any CPU
		{B7A05897-7D00-418A-94A2-F67CA8BE964A}.Debug|Any CPU.ActiveCfg = Debug|Any CPU
		{B7A05897-7D00-418A-94A2-F67CA8BE964A}.Debug|Any CPU.Build.0 = Debug|Any CPU
		{B7A05897-7D00-418A-94A2-F67CA8BE964A}.Release|Any CPU.ActiveCfg = Release|Any CPU
		{B7A05897-7D00-418A-94A2-F67CA8BE964A}.Release|Any CPU.Build.0 = Release|Any CPU
		{C4CD5670-1301-486A-9393-7F65ABABDE8B}.Debug|Any CPU.ActiveCfg = Debug|Any CPU
		{C4CD5670-1301-486A-9393-7F65ABABDE8B}.Debug|Any CPU.Build.0 = Debug|Any CPU
		{C4CD5670-1301-486A-9393-7F65ABABDE8B}.Release|Any CPU.ActiveCfg = Release|Any CPU
		{C4CD5670-1301-486A-9393-7F65ABABDE8B}.Release|Any CPU.Build.0 = Release|Any CPU
	EndGlobalSection
	GlobalSection(SolutionProperties) = preSolution
		HideSolutionNode = FALSE
	EndGlobalSection
	GlobalSection(ExtensibilityGlobals) = postSolution
		SolutionGuid = {AE633C48-C998-423E-8C40-A2514D5D900B}
	EndGlobalSection
EndGlobal
