
Microsoft Visual Studio Solution File, Format Version 12.00
# Visual Studio Version 16
VisualStudioVersion = 16.0.31105.61
MinimumVisualStudioVersion = 10.0.40219.1
Project("{2150E333-8FDC-42A3-9474-1A3956D46DE8}") = "src", "src", "{F488F8E8-558D-4B1E-9688-1F762DD7578E}"
EndProject
Project("{2150E333-8FDC-42A3-9474-1A3956D46DE8}") = "Advertisements", "Advertisements", "{8EB6A5C2-4A01-4038-ADAA-33044EDAAFAC}"
EndProject
Project("{2150E333-8FDC-42A3-9474-1A3956D46DE8}") = "Comments", "Comments", "{42001798-3515-4507-9D68-56F839BEE5ED}"
EndProject
Project("{2150E333-8FDC-42A3-9474-1A3956D46DE8}") = "DomainUsers", "DomainUsers", "{244D0F49-CF07-456F-A7EE-2408CA190C14}"
EndProject
Project("{2150E333-8FDC-42A3-9474-1A3956D46DE8}") = "Identity", "Identity", "{A0DD32BD-06A3-4AE8-BD90-4C072C6C1A88}"
EndProject
Project("{2150E333-8FDC-42A3-9474-1A3956D46DE8}") = "Images", "Images", "{385F8299-55D8-4C59-B150-A5126CC586AD}"
EndProject
Project("{2150E333-8FDC-42A3-9474-1A3956D46DE8}") = "Userpics", "Userpics", "{97B26E48-EE18-4824-A92A-87FC20313FCA}"
EndProject
Project("{2150E333-8FDC-42A3-9474-1A3956D46DE8}") = "Application", "Application", "{143CCC33-59FD-4B93-BDD7-04585C9174B7}"
EndProject
Project("{2150E333-8FDC-42A3-9474-1A3956D46DE8}") = "Contracts", "Contracts", "{53DED568-EBE6-4C2E-80CC-F91DFC660D0E}"
EndProject
Project("{2150E333-8FDC-42A3-9474-1A3956D46DE8}") = "Domain", "Domain", "{0E0F4719-79D3-4BF9-8B22-255DA3DC8B6D}"
EndProject
Project("{2150E333-8FDC-42A3-9474-1A3956D46DE8}") = "Hosts", "Hosts", "{5462F77A-673C-4CA9-94BF-CF1B6208E117}"
EndProject
Project("{2150E333-8FDC-42A3-9474-1A3956D46DE8}") = "Infrastructure", "Infrastructure", "{75822D88-44D2-49FB-9AC8-4BDD4E3586A6}"
EndProject
Project("{9A19103F-16F7-4668-BE54-9A1E7A4F7556}") = "Advertisements.Application", "src\Advertisements\Application\Advertisements.Application\Advertisements.Application.csproj", "{085FBBFC-825E-418E-9E8A-03051BA9B83A}"
EndProject
Project("{9A19103F-16F7-4668-BE54-9A1E7A4F7556}") = "Advertisements.Contracts", "src\Advertisements\Contracts\Advertisements.Contracts\Advertisements.Contracts.csproj", "{02C71683-EC06-440A-9EA0-25D2B09C76E7}"
EndProject
Project("{9A19103F-16F7-4668-BE54-9A1E7A4F7556}") = "Advertisements.Domain", "src\Advertisements\Domain\Advertisements.Domain\Advertisements.Domain.csproj", "{A1947884-9009-4958-95F9-336917E81C20}"
EndProject
Project("{9A19103F-16F7-4668-BE54-9A1E7A4F7556}") = "Advertisements.Api", "src\Advertisements\Hosts\Advertisements.Api\Advertisements.Api.csproj", "{49A07473-AE39-49A6-AD14-F024AAA66D5C}"
EndProject
Project("{9A19103F-16F7-4668-BE54-9A1E7A4F7556}") = "Advertisements.DataAccess", "src\Advertisements\Infrastructure\Advertisements.DataAccess\Advertisements.DataAccess.csproj", "{ECA0F775-22F9-47A7-9D1B-D2C7EFCB2053}"
EndProject
Project("{9A19103F-16F7-4668-BE54-9A1E7A4F7556}") = "Advertisements.Mapper", "src\Advertisements\Infrastructure\Advertisements.Mapper\Advertisements.Mapper.csproj", "{C29B2725-3070-4669-8D0B-6E4DCBFEDDA8}"
EndProject
Global
	GlobalSection(SolutionConfigurationPlatforms) = preSolution
		Debug|Any CPU = Debug|Any CPU
		Release|Any CPU = Release|Any CPU
	EndGlobalSection
	GlobalSection(ProjectConfigurationPlatforms) = postSolution
		{085FBBFC-825E-418E-9E8A-03051BA9B83A}.Debug|Any CPU.ActiveCfg = Debug|Any CPU
		{085FBBFC-825E-418E-9E8A-03051BA9B83A}.Debug|Any CPU.Build.0 = Debug|Any CPU
		{085FBBFC-825E-418E-9E8A-03051BA9B83A}.Release|Any CPU.ActiveCfg = Release|Any CPU
		{085FBBFC-825E-418E-9E8A-03051BA9B83A}.Release|Any CPU.Build.0 = Release|Any CPU
		{02C71683-EC06-440A-9EA0-25D2B09C76E7}.Debug|Any CPU.ActiveCfg = Debug|Any CPU
		{02C71683-EC06-440A-9EA0-25D2B09C76E7}.Debug|Any CPU.Build.0 = Debug|Any CPU
		{02C71683-EC06-440A-9EA0-25D2B09C76E7}.Release|Any CPU.ActiveCfg = Release|Any CPU
		{02C71683-EC06-440A-9EA0-25D2B09C76E7}.Release|Any CPU.Build.0 = Release|Any CPU
		{A1947884-9009-4958-95F9-336917E81C20}.Debug|Any CPU.ActiveCfg = Debug|Any CPU
		{A1947884-9009-4958-95F9-336917E81C20}.Debug|Any CPU.Build.0 = Debug|Any CPU
		{A1947884-9009-4958-95F9-336917E81C20}.Release|Any CPU.ActiveCfg = Release|Any CPU
		{A1947884-9009-4958-95F9-336917E81C20}.Release|Any CPU.Build.0 = Release|Any CPU
		{49A07473-AE39-49A6-AD14-F024AAA66D5C}.Debug|Any CPU.ActiveCfg = Debug|Any CPU
		{49A07473-AE39-49A6-AD14-F024AAA66D5C}.Debug|Any CPU.Build.0 = Debug|Any CPU
		{49A07473-AE39-49A6-AD14-F024AAA66D5C}.Release|Any CPU.ActiveCfg = Release|Any CPU
		{49A07473-AE39-49A6-AD14-F024AAA66D5C}.Release|Any CPU.Build.0 = Release|Any CPU
		{ECA0F775-22F9-47A7-9D1B-D2C7EFCB2053}.Debug|Any CPU.ActiveCfg = Debug|Any CPU
		{ECA0F775-22F9-47A7-9D1B-D2C7EFCB2053}.Debug|Any CPU.Build.0 = Debug|Any CPU
		{ECA0F775-22F9-47A7-9D1B-D2C7EFCB2053}.Release|Any CPU.ActiveCfg = Release|Any CPU
		{ECA0F775-22F9-47A7-9D1B-D2C7EFCB2053}.Release|Any CPU.Build.0 = Release|Any CPU
		{C29B2725-3070-4669-8D0B-6E4DCBFEDDA8}.Debug|Any CPU.ActiveCfg = Debug|Any CPU
		{C29B2725-3070-4669-8D0B-6E4DCBFEDDA8}.Debug|Any CPU.Build.0 = Debug|Any CPU
		{C29B2725-3070-4669-8D0B-6E4DCBFEDDA8}.Release|Any CPU.ActiveCfg = Release|Any CPU
		{C29B2725-3070-4669-8D0B-6E4DCBFEDDA8}.Release|Any CPU.Build.0 = Release|Any CPU
	EndGlobalSection
	GlobalSection(SolutionProperties) = preSolution
		HideSolutionNode = FALSE
	EndGlobalSection
	GlobalSection(NestedProjects) = preSolution
		{8EB6A5C2-4A01-4038-ADAA-33044EDAAFAC} = {F488F8E8-558D-4B1E-9688-1F762DD7578E}
		{42001798-3515-4507-9D68-56F839BEE5ED} = {F488F8E8-558D-4B1E-9688-1F762DD7578E}
		{244D0F49-CF07-456F-A7EE-2408CA190C14} = {F488F8E8-558D-4B1E-9688-1F762DD7578E}
		{A0DD32BD-06A3-4AE8-BD90-4C072C6C1A88} = {F488F8E8-558D-4B1E-9688-1F762DD7578E}
		{385F8299-55D8-4C59-B150-A5126CC586AD} = {F488F8E8-558D-4B1E-9688-1F762DD7578E}
		{97B26E48-EE18-4824-A92A-87FC20313FCA} = {F488F8E8-558D-4B1E-9688-1F762DD7578E}
		{143CCC33-59FD-4B93-BDD7-04585C9174B7} = {8EB6A5C2-4A01-4038-ADAA-33044EDAAFAC}
		{53DED568-EBE6-4C2E-80CC-F91DFC660D0E} = {8EB6A5C2-4A01-4038-ADAA-33044EDAAFAC}
		{0E0F4719-79D3-4BF9-8B22-255DA3DC8B6D} = {8EB6A5C2-4A01-4038-ADAA-33044EDAAFAC}
		{5462F77A-673C-4CA9-94BF-CF1B6208E117} = {8EB6A5C2-4A01-4038-ADAA-33044EDAAFAC}
		{75822D88-44D2-49FB-9AC8-4BDD4E3586A6} = {8EB6A5C2-4A01-4038-ADAA-33044EDAAFAC}
		{085FBBFC-825E-418E-9E8A-03051BA9B83A} = {143CCC33-59FD-4B93-BDD7-04585C9174B7}
		{02C71683-EC06-440A-9EA0-25D2B09C76E7} = {53DED568-EBE6-4C2E-80CC-F91DFC660D0E}
		{A1947884-9009-4958-95F9-336917E81C20} = {0E0F4719-79D3-4BF9-8B22-255DA3DC8B6D}
		{49A07473-AE39-49A6-AD14-F024AAA66D5C} = {5462F77A-673C-4CA9-94BF-CF1B6208E117}
		{ECA0F775-22F9-47A7-9D1B-D2C7EFCB2053} = {75822D88-44D2-49FB-9AC8-4BDD4E3586A6}
		{C29B2725-3070-4669-8D0B-6E4DCBFEDDA8} = {75822D88-44D2-49FB-9AC8-4BDD4E3586A6}
	EndGlobalSection
	GlobalSection(ExtensibilityGlobals) = postSolution
		SolutionGuid = {AE633C48-C998-423E-8C40-A2514D5D900B}
	EndGlobalSection
EndGlobal
